
Microsoft Visual Studio Solution File, Format Version 12.00
# Visual Studio 14
VisualStudioVersion = 14.0.25420.1
MinimumVisualStudioVersion = 10.0.40219.1
Project("{FAE04EC0-301F-11D3-BF4B-00C04F79EFBC}") = "Practice Donaton Tracker", "Practice Donaton Tracker\Practice Donaton Tracker.csproj", "{B5FE2DC7-941D-48A5-8100-F37CD5FE02DD}"
EndProject
Global
	GlobalSection(SolutionConfigurationPlatforms) = preSolution
		Debug|Any CPU = Debug|Any CPU
		Release|Any CPU = Release|Any CPU
	EndGlobalSection
	GlobalSection(ProjectConfigurationPlatforms) = postSolution
		{B5FE2DC7-941D-48A5-8100-F37CD5FE02DD}.Debug|Any CPU.ActiveCfg = Debug|Any CPU
		{B5FE2DC7-941D-48A5-8100-F37CD5FE02DD}.Debug|Any CPU.Build.0 = Debug|Any CPU
		{B5FE2DC7-941D-48A5-8100-F37CD5FE02DD}.Release|Any CPU.ActiveCfg = Release|Any CPU
		{B5FE2DC7-941D-48A5-8100-F37CD5FE02DD}.Release|Any CPU.Build.0 = Release|Any CPU
	EndGlobalSection
	GlobalSection(SolutionProperties) = preSolution
		HideSolutionNode = FALSE
	EndGlobalSection
EndGlobal
